
Microsoft Visual Studio Solution File, Format Version 12.00
# Visual Studio 14
VisualStudioVersion = 14.0.25420.1
MinimumVisualStudioVersion = 10.0.40219.1
Project("{2150E333-8FDC-42A3-9474-1A3956D46DE8}") = "Infrastructure", "Infrastructure", "{BBCF1020-6B4A-4C73-9044-ABFFAE952750}"
EndProject
Project("{2150E333-8FDC-42A3-9474-1A3956D46DE8}") = "Service", "Service", "{199FFD8A-734F-42CB-AC2B-0ECEE5DD478B}"
EndProject
Project("{2150E333-8FDC-42A3-9474-1A3956D46DE8}") = "View", "View", "{2800E661-B62E-47F6-AA54-417CB509CF5C}"
EndProject
Project("{2150E333-8FDC-42A3-9474-1A3956D46DE8}") = "Domain", "Domain", "{5991857C-9C92-44AA-9023-680EA146395C}"
EndProject
Project("{2150E333-8FDC-42A3-9474-1A3956D46DE8}") = "Persistence", "Persistence", "{878E631A-D490-46F1-8D4B-F2E3E5618C64}"
EndProject
Project("{2150E333-8FDC-42A3-9474-1A3956D46DE8}") = "Business", "Business", "{14FFCBD3-45DE-4A02-8AFD-6FA49D115F05}"
EndProject
Project("{2150E333-8FDC-42A3-9474-1A3956D46DE8}") = "Contracts", "Contracts", "{94930EBB-D68A-41AE-B9D2-B18AD02FE924}"
EndProject
Project("{2150E333-8FDC-42A3-9474-1A3956D46DE8}") = "Tests", "Tests", "{9474E8AC-85F2-4A03-AAF9-B22E3D60B7F1}"
EndProject
Project("{FAE04EC0-301F-11D3-BF4B-00C04F79EFBC}") = "ToDoMVC.Service", "ToDoMVC.Service\ToDoMVC.Service.csproj", "{0E348314-853F-4C19-9392-CB0B201B2940}"
EndProject
Project("{FAE04EC0-301F-11D3-BF4B-00C04F79EFBC}") = "ToDoMVC.Tests", "ToDoMVC.Tests\ToDoMVC.Tests.csproj", "{8B7E8BD4-FD5B-4D95-8C27-07D2152BE9D0}"
EndProject
Project("{FAE04EC0-301F-11D3-BF4B-00C04F79EFBC}") = "ToDoMVC.Persistence", "ToDoMVC.Persistence\ToDoMVC.Persistence.csproj", "{C9EB7247-1008-4497-8618-A65ED6054E2D}"
EndProject
Project("{FAE04EC0-301F-11D3-BF4B-00C04F79EFBC}") = "ToDoMVC.Infrastructure", "ToDoMVC.Infrastructure\ToDoMVC.Infrastructure.csproj", "{80248A8C-BA74-4E7E-9081-9FC45D5AEAD4}"
EndProject
Project("{FAE04EC0-301F-11D3-BF4B-00C04F79EFBC}") = "ToDoMVC.Domain", "ToDoMVC.Domain\ToDoMVC.Domain.csproj", "{290C044B-D01F-4684-839A-5B8FA000C18C}"
EndProject
Project("{FAE04EC0-301F-11D3-BF4B-00C04F79EFBC}") = "ToDoMVC.Contracts", "ToDoMVC.Contracts\ToDoMVC.Contracts.csproj", "{0A4CCC0F-DD26-4E3D-A634-34CC98C9A517}"
EndProject
Project("{FAE04EC0-301F-11D3-BF4B-00C04F79EFBC}") = "ToDoMVC.Business", "ToDoMVC.Business\ToDoMVC.Business.csproj", "{87A4540E-E867-46A5-A82B-7B2261E1BA1E}"
EndProject
Project("{FAE04EC0-301F-11D3-BF4B-00C04F79EFBC}") = "ToDoMVC.View", "ToDoMVC.View\ToDoMVC.View.csproj", "{FC510A89-FF7D-472C-B06D-7182D27A07C8}"
EndProject
Global
	GlobalSection(SolutionConfigurationPlatforms) = preSolution
		Debug|Any CPU = Debug|Any CPU
		Release|Any CPU = Release|Any CPU
	EndGlobalSection
	GlobalSection(ProjectConfigurationPlatforms) = postSolution
		{0E348314-853F-4C19-9392-CB0B201B2940}.Debug|Any CPU.ActiveCfg = Debug|Any CPU
		{0E348314-853F-4C19-9392-CB0B201B2940}.Debug|Any CPU.Build.0 = Debug|Any CPU
		{0E348314-853F-4C19-9392-CB0B201B2940}.Release|Any CPU.ActiveCfg = Release|Any CPU
		{0E348314-853F-4C19-9392-CB0B201B2940}.Release|Any CPU.Build.0 = Release|Any CPU
		{8B7E8BD4-FD5B-4D95-8C27-07D2152BE9D0}.Debug|Any CPU.ActiveCfg = Debug|Any CPU
		{8B7E8BD4-FD5B-4D95-8C27-07D2152BE9D0}.Debug|Any CPU.Build.0 = Debug|Any CPU
		{8B7E8BD4-FD5B-4D95-8C27-07D2152BE9D0}.Release|Any CPU.ActiveCfg = Release|Any CPU
		{8B7E8BD4-FD5B-4D95-8C27-07D2152BE9D0}.Release|Any CPU.Build.0 = Release|Any CPU
		{C9EB7247-1008-4497-8618-A65ED6054E2D}.Debug|Any CPU.ActiveCfg = Debug|Any CPU
		{C9EB7247-1008-4497-8618-A65ED6054E2D}.Debug|Any CPU.Build.0 = Debug|Any CPU
		{C9EB7247-1008-4497-8618-A65ED6054E2D}.Release|Any CPU.ActiveCfg = Release|Any CPU
		{C9EB7247-1008-4497-8618-A65ED6054E2D}.Release|Any CPU.Build.0 = Release|Any CPU
		{80248A8C-BA74-4E7E-9081-9FC45D5AEAD4}.Debug|Any CPU.ActiveCfg = Debug|Any CPU
		{80248A8C-BA74-4E7E-9081-9FC45D5AEAD4}.Debug|Any CPU.Build.0 = Debug|Any CPU
		{80248A8C-BA74-4E7E-9081-9FC45D5AEAD4}.Release|Any CPU.ActiveCfg = Release|Any CPU
		{80248A8C-BA74-4E7E-9081-9FC45D5AEAD4}.Release|Any CPU.Build.0 = Release|Any CPU
		{290C044B-D01F-4684-839A-5B8FA000C18C}.Debug|Any CPU.ActiveCfg = Debug|Any CPU
		{290C044B-D01F-4684-839A-5B8FA000C18C}.Debug|Any CPU.Build.0 = Debug|Any CPU
		{290C044B-D01F-4684-839A-5B8FA000C18C}.Release|Any CPU.ActiveCfg = Release|Any CPU
		{290C044B-D01F-4684-839A-5B8FA000C18C}.Release|Any CPU.Build.0 = Release|Any CPU
		{0A4CCC0F-DD26-4E3D-A634-34CC98C9A517}.Debug|Any CPU.ActiveCfg = Debug|Any CPU
		{0A4CCC0F-DD26-4E3D-A634-34CC98C9A517}.Debug|Any CPU.Build.0 = Debug|Any CPU
		{0A4CCC0F-DD26-4E3D-A634-34CC98C9A517}.Release|Any CPU.ActiveCfg = Release|Any CPU
		{0A4CCC0F-DD26-4E3D-A634-34CC98C9A517}.Release|Any CPU.Build.0 = Release|Any CPU
		{87A4540E-E867-46A5-A82B-7B2261E1BA1E}.Debug|Any CPU.ActiveCfg = Debug|Any CPU
		{87A4540E-E867-46A5-A82B-7B2261E1BA1E}.Debug|Any CPU.Build.0 = Debug|Any CPU
		{87A4540E-E867-46A5-A82B-7B2261E1BA1E}.Release|Any CPU.ActiveCfg = Release|Any CPU
		{87A4540E-E867-46A5-A82B-7B2261E1BA1E}.Release|Any CPU.Build.0 = Release|Any CPU
		{FC510A89-FF7D-472C-B06D-7182D27A07C8}.Debug|Any CPU.ActiveCfg = Debug|Any CPU
		{FC510A89-FF7D-472C-B06D-7182D27A07C8}.Debug|Any CPU.Build.0 = Debug|Any CPU
		{FC510A89-FF7D-472C-B06D-7182D27A07C8}.Release|Any CPU.ActiveCfg = Release|Any CPU
		{FC510A89-FF7D-472C-B06D-7182D27A07C8}.Release|Any CPU.Build.0 = Release|Any CPU
	EndGlobalSection
	GlobalSection(SolutionProperties) = preSolution
		HideSolutionNode = FALSE
	EndGlobalSection
	GlobalSection(NestedProjects) = preSolution
		{0E348314-853F-4C19-9392-CB0B201B2940} = {199FFD8A-734F-42CB-AC2B-0ECEE5DD478B}
		{8B7E8BD4-FD5B-4D95-8C27-07D2152BE9D0} = {9474E8AC-85F2-4A03-AAF9-B22E3D60B7F1}
		{C9EB7247-1008-4497-8618-A65ED6054E2D} = {878E631A-D490-46F1-8D4B-F2E3E5618C64}
		{80248A8C-BA74-4E7E-9081-9FC45D5AEAD4} = {BBCF1020-6B4A-4C73-9044-ABFFAE952750}
		{290C044B-D01F-4684-839A-5B8FA000C18C} = {5991857C-9C92-44AA-9023-680EA146395C}
		{0A4CCC0F-DD26-4E3D-A634-34CC98C9A517} = {94930EBB-D68A-41AE-B9D2-B18AD02FE924}
		{87A4540E-E867-46A5-A82B-7B2261E1BA1E} = {14FFCBD3-45DE-4A02-8AFD-6FA49D115F05}
		{FC510A89-FF7D-472C-B06D-7182D27A07C8} = {2800E661-B62E-47F6-AA54-417CB509CF5C}
	EndGlobalSection
EndGlobal
